// !$*UTF8*$!
{
	archiveVersion = 1;
	classes = {
	};
	objectVersion = 55;
	objects = {

/* Begin PBXBuildFile section */
		12074C1C2836AF3C00BC5797 /* AppDelegate.swift in Sources */ = {isa = PBXBuildFile; fileRef = 12074C1B2836AF3C00BC5797 /* AppDelegate.swift */; };
		12074C1E2836AF3C00BC5797 /* SceneDelegate.swift in Sources */ = {isa = PBXBuildFile; fileRef = 12074C1D2836AF3C00BC5797 /* SceneDelegate.swift */; };
		12074C202836AF3C00BC5797 /* ViewController.swift in Sources */ = {isa = PBXBuildFile; fileRef = 12074C1F2836AF3C00BC5797 /* ViewController.swift */; };
		12074C232836AF3C00BC5797 /* Main.storyboard in Resources */ = {isa = PBXBuildFile; fileRef = 12074C212836AF3C00BC5797 /* Main.storyboard */; };
		12074C252836AF3E00BC5797 /* Assets.xcassets in Resources */ = {isa = PBXBuildFile; fileRef = 12074C242836AF3E00BC5797 /* Assets.xcassets */; };
		12074C282836AF3E00BC5797 /* LaunchScreen.storyboard in Resources */ = {isa = PBXBuildFile; fileRef = 12074C262836AF3E00BC5797 /* LaunchScreen.storyboard */; };
		12074C332836AF3E00BC5797 /* resumeTests.swift in Sources */ = {isa = PBXBuildFile; fileRef = 12074C322836AF3E00BC5797 /* resumeTests.swift */; };
		12074C3D2836AF3F00BC5797 /* resumeUITests.swift in Sources */ = {isa = PBXBuildFile; fileRef = 12074C3C2836AF3F00BC5797 /* resumeUITests.swift */; };
		12074C3F2836AF3F00BC5797 /* resumeUITestsLaunchTests.swift in Sources */ = {isa = PBXBuildFile; fileRef = 12074C3E2836AF3F00BC5797 /* resumeUITestsLaunchTests.swift */; };
/* End PBXBuildFile section */

/* Begin PBXContainerItemProxy section */
		12074C2F2836AF3E00BC5797 /* PBXContainerItemProxy */ = {
			isa = PBXContainerItemProxy;
			containerPortal = 12074C102836AF3C00BC5797 /* Project object */;
			proxyType = 1;
			remoteGlobalIDString = 12074C172836AF3C00BC5797;
			remoteInfo = resume;
		};
		12074C392836AF3F00BC5797 /* PBXContainerItemProxy */ = {
			isa = PBXContainerItemProxy;
			containerPortal = 12074C102836AF3C00BC5797 /* Project object */;
			proxyType = 1;
			remoteGlobalIDString = 12074C172836AF3C00BC5797;
			remoteInfo = resume;
		};
/* End PBXContainerItemProxy section */

/* Begin PBXFileReference section */
		12074C182836AF3C00BC5797 /* resume.app */ = {isa = PBXFileReference; explicitFileType = wrapper.application; includeInIndex = 0; path = resume.app; sourceTree = BUILT_PRODUCTS_DIR; };
		12074C1B2836AF3C00BC5797 /* AppDelegate.swift */ = {isa = PBXFileReference; lastKnownFileType = sourcecode.swift; path = AppDelegate.swift; sourceTree = "<group>"; };
		12074C1D2836AF3C00BC5797 /* SceneDelegate.swift */ = {isa = PBXFileReference; lastKnownFileType = sourcecode.swift; path = SceneDelegate.swift; sourceTree = "<group>"; };
		12074C1F2836AF3C00BC5797 /* ViewController.swift */ = {isa = PBXFileReference; lastKnownFileType = sourcecode.swift; path = ViewController.swift; sourceTree = "<group>"; };
		12074C222836AF3C00BC5797 /* Base */ = {isa = PBXFileReference; lastKnownFileType = file.storyboard; name = Base; path = Base.lproj/Main.storyboard; sourceTree = "<group>"; };
		12074C242836AF3E00BC5797 /* Assets.xcassets */ = {isa = PBXFileReference; lastKnownFileType = folder.assetcatalog; path = Assets.xcassets; sourceTree = "<group>"; };
		12074C272836AF3E00BC5797 /* Base */ = {isa = PBXFileReference; lastKnownFileType = file.storyboard; name = Base; path = Base.lproj/LaunchScreen.storyboard; sourceTree = "<group>"; };
		12074C292836AF3E00BC5797 /* Info.plist */ = {isa = PBXFileReference; lastKnownFileType = text.plist.xml; path = Info.plist; sourceTree = "<group>"; };
		12074C2E2836AF3E00BC5797 /* resumeTests.xctest */ = {isa = PBXFileReference; explicitFileType = wrapper.cfbundle; includeInIndex = 0; path = resumeTests.xctest; sourceTree = BUILT_PRODUCTS_DIR; };
		12074C322836AF3E00BC5797 /* resumeTests.swift */ = {isa = PBXFileReference; lastKnownFileType = sourcecode.swift; path = resumeTests.swift; sourceTree = "<group>"; };
		12074C382836AF3F00BC5797 /* resumeUITests.xctest */ = {isa = PBXFileReference; explicitFileType = wrapper.cfbundle; includeInIndex = 0; path = resumeUITests.xctest; sourceTree = BUILT_PRODUCTS_DIR; };
		12074C3C2836AF3F00BC5797 /* resumeUITests.swift */ = {isa = PBXFileReference; lastKnownFileType = sourcecode.swift; path = resumeUITests.swift; sourceTree = "<group>"; };
		12074C3E2836AF3F00BC5797 /* resumeUITestsLaunchTests.swift */ = {isa = PBXFileReference; lastKnownFileType = sourcecode.swift; path = resumeUITestsLaunchTests.swift; sourceTree = "<group>"; };
/* End PBXFileReference section */

/* Begin PBXFrameworksBuildPhase section */
		12074C152836AF3C00BC5797 /* Frameworks */ = {
			isa = PBXFrameworksBuildPhase;
			buildActionMask = 2147483647;
			files = (
			);
			runOnlyForDeploymentPostprocessing = 0;
		};
		12074C2B2836AF3E00BC5797 /* Frameworks */ = {
			isa = PBXFrameworksBuildPhase;
			buildActionMask = 2147483647;
			files = (
			);
			runOnlyForDeploymentPostprocessing = 0;
		};
		12074C352836AF3F00BC5797 /* Frameworks */ = {
			isa = PBXFrameworksBuildPhase;
			buildActionMask = 2147483647;
			files = (
			);
			runOnlyForDeploymentPostprocessing = 0;
		};
/* End PBXFrameworksBuildPhase section */

/* Begin PBXGroup section */
		12074C0F2836AF3C00BC5797 = {
			isa = PBXGroup;
			children = (
				12074C1A2836AF3C00BC5797 /* resume */,
				12074C312836AF3E00BC5797 /* resumeTests */,
				12074C3B2836AF3F00BC5797 /* resumeUITests */,
				12074C192836AF3C00BC5797 /* Products */,
			);
			sourceTree = "<group>";
		};
		12074C192836AF3C00BC5797 /* Products */ = {
			isa = PBXGroup;
			children = (
				12074C182836AF3C00BC5797 /* resume.app */,
				12074C2E2836AF3E00BC5797 /* resumeTests.xctest */,
				12074C382836AF3F00BC5797 /* resumeUITests.xctest */,
			);
			name = Products;
			sourceTree = "<group>";
		};
		12074C1A2836AF3C00BC5797 /* resume */ = {
			isa = PBXGroup;
			children = (
				12074C1B2836AF3C00BC5797 /* AppDelegate.swift */,
				12074C1D2836AF3C00BC5797 /* SceneDelegate.swift */,
				12074C1F2836AF3C00BC5797 /* ViewController.swift */,
				12074C212836AF3C00BC5797 /* Main.storyboard */,
				12074C242836AF3E00BC5797 /* Assets.xcassets */,
				12074C262836AF3E00BC5797 /* LaunchScreen.storyboard */,
				12074C292836AF3E00BC5797 /* Info.plist */,
			);
			path = resume;
			sourceTree = "<group>";
		};
		12074C312836AF3E00BC5797 /* resumeTests */ = {
			isa = PBXGroup;
			children = (
				12074C322836AF3E00BC5797 /* resumeTests.swift */,
			);
			path = resumeTests;
			sourceTree = "<group>";
		};
		12074C3B2836AF3F00BC5797 /* resumeUITests */ = {
			isa = PBXGroup;
			children = (
				12074C3C2836AF3F00BC5797 /* resumeUITests.swift */,
				12074C3E2836AF3F00BC5797 /* resumeUITestsLaunchTests.swift */,
			);
			path = resumeUITests;
			sourceTree = "<group>";
		};
/* End PBXGroup section */

/* Begin PBXNativeTarget section */
		12074C172836AF3C00BC5797 /* resume */ = {
			isa = PBXNativeTarget;
			buildConfigurationList = 12074C422836AF3F00BC5797 /* Build configuration list for PBXNativeTarget "resume" */;
			buildPhases = (
				12074C142836AF3C00BC5797 /* Sources */,
				12074C152836AF3C00BC5797 /* Frameworks */,
				12074C162836AF3C00BC5797 /* Resources */,
			);
			buildRules = (
			);
			dependencies = (
			);
			name = resume;
			productName = resume;
			productReference = 12074C182836AF3C00BC5797 /* resume.app */;
			productType = "com.apple.product-type.application";
		};
		12074C2D2836AF3E00BC5797 /* resumeTests */ = {
			isa = PBXNativeTarget;
			buildConfigurationList = 12074C452836AF3F00BC5797 /* Build configuration list for PBXNativeTarget "resumeTests" */;
			buildPhases = (
				12074C2A2836AF3E00BC5797 /* Sources */,
				12074C2B2836AF3E00BC5797 /* Frameworks */,
				12074C2C2836AF3E00BC5797 /* Resources */,
			);
			buildRules = (
			);
			dependencies = (
				12074C302836AF3E00BC5797 /* PBXTargetDependency */,
			);
			name = resumeTests;
			productName = resumeTests;
			productReference = 12074C2E2836AF3E00BC5797 /* resumeTests.xctest */;
			productType = "com.apple.product-type.bundle.unit-test";
		};
		12074C372836AF3F00BC5797 /* resumeUITests */ = {
			isa = PBXNativeTarget;
			buildConfigurationList = 12074C482836AF3F00BC5797 /* Build configuration list for PBXNativeTarget "resumeUITests" */;
			buildPhases = (
				12074C342836AF3F00BC5797 /* Sources */,
				12074C352836AF3F00BC5797 /* Frameworks */,
				12074C362836AF3F00BC5797 /* Resources */,
			);
			buildRules = (
			);
			dependencies = (
				12074C3A2836AF3F00BC5797 /* PBXTargetDependency */,
			);
			name = resumeUITests;
			productName = resumeUITests;
			productReference = 12074C382836AF3F00BC5797 /* resumeUITests.xctest */;
			productType = "com.apple.product-type.bundle.ui-testing";
		};
/* End PBXNativeTarget section */

/* Begin PBXProject section */
		12074C102836AF3C00BC5797 /* Project object */ = {
			isa = PBXProject;
			attributes = {
				BuildIndependentTargetsInParallel = 1;
				LastSwiftUpdateCheck = 1340;
				LastUpgradeCheck = 1340;
				TargetAttributes = {
					12074C172836AF3C00BC5797 = {
						CreatedOnToolsVersion = 13.4;
					};
					12074C2D2836AF3E00BC5797 = {
						CreatedOnToolsVersion = 13.4;
						TestTargetID = 12074C172836AF3C00BC5797;
					};
					12074C372836AF3F00BC5797 = {
						CreatedOnToolsVersion = 13.4;
						TestTargetID = 12074C172836AF3C00BC5797;
					};
				};
			};
			buildConfigurationList = 12074C132836AF3C00BC5797 /* Build configuration list for PBXProject "resume" */;
			compatibilityVersion = "Xcode 13.0";
			developmentRegion = en;
			hasScannedForEncodings = 0;
			knownRegions = (
				en,
				Base,
			);
			mainGroup = 12074C0F2836AF3C00BC5797;
			productRefGroup = 12074C192836AF3C00BC5797 /* Products */;
			projectDirPath = "";
			projectRoot = "";
			targets = (
				12074C172836AF3C00BC5797 /* resume */,
				12074C2D2836AF3E00BC5797 /* resumeTests */,
				12074C372836AF3F00BC5797 /* resumeUITests */,
			);
		};
/* End PBXProject section */

/* Begin PBXResourcesBuildPhase section */
		12074C162836AF3C00BC5797 /* Resources */ = {
			isa = PBXResourcesBuildPhase;
			buildActionMask = 2147483647;
			files = (
				12074C282836AF3E00BC5797 /* LaunchScreen.storyboard in Resources */,
				12074C252836AF3E00BC5797 /* Assets.xcassets in Resources */,
				12074C232836AF3C00BC5797 /* Main.storyboard in Resources */,
			);
			runOnlyForDeploymentPostprocessing = 0;
		};
		12074C2C2836AF3E00BC5797 /* Resources */ = {
			isa = PBXResourcesBuildPhase;
			buildActionMask = 2147483647;
			files = (
			);
			runOnlyForDeploymentPostprocessing = 0;
		};
		12074C362836AF3F00BC5797 /* Resources */ = {
			isa = PBXResourcesBuildPhase;
			buildActionMask = 2147483647;
			files = (
			);
			runOnlyForDeploymentPostprocessing = 0;
		};
/* End PBXResourcesBuildPhase section */

/* Begin PBXSourcesBuildPhase section */
		12074C142836AF3C00BC5797 /* Sources */ = {
			isa = PBXSourcesBuildPhase;
			buildActionMask = 2147483647;
			files = (
				12074C202836AF3C00BC5797 /* ViewController.swift in Sources */,
				12074C1C2836AF3C00BC5797 /* AppDelegate.swift in Sources */,
				12074C1E2836AF3C00BC5797 /* SceneDelegate.swift in Sources */,
			);
			runOnlyForDeploymentPostprocessing = 0;
		};
		12074C2A2836AF3E00BC5797 /* Sources */ = {
			isa = PBXSourcesBuildPhase;
			buildActionMask = 2147483647;
			files = (
				12074C332836AF3E00BC5797 /* resumeTests.swift in Sources */,
			);
			runOnlyForDeploymentPostprocessing = 0;
		};
		12074C342836AF3F00BC5797 /* Sources */ = {
			isa = PBXSourcesBuildPhase;
			buildActionMask = 2147483647;
			files = (
				12074C3D2836AF3F00BC5797 /* resumeUITests.swift in Sources */,
				12074C3F2836AF3F00BC5797 /* resumeUITestsLaunchTests.swift in Sources */,
			);
			runOnlyForDeploymentPostprocessing = 0;
		};
/* End PBXSourcesBuildPhase section */

/* Begin PBXTargetDependency section */
		12074C302836AF3E00BC5797 /* PBXTargetDependency */ = {
			isa = PBXTargetDependency;
			target = 12074C172836AF3C00BC5797 /* resume */;
			targetProxy = 12074C2F2836AF3E00BC5797 /* PBXContainerItemProxy */;
		};
		12074C3A2836AF3F00BC5797 /* PBXTargetDependency */ = {
			isa = PBXTargetDependency;
			target = 12074C172836AF3C00BC5797 /* resume */;
			targetProxy = 12074C392836AF3F00BC5797 /* PBXContainerItemProxy */;
		};
/* End PBXTargetDependency section */

/* Begin PBXVariantGroup section */
		12074C212836AF3C00BC5797 /* Main.storyboard */ = {
			isa = PBXVariantGroup;
			children = (
				12074C222836AF3C00BC5797 /* Base */,
			);
			name = Main.storyboard;
			sourceTree = "<group>";
		};
		12074C262836AF3E00BC5797 /* LaunchScreen.storyboard */ = {
			isa = PBXVariantGroup;
			children = (
				12074C272836AF3E00BC5797 /* Base */,
			);
			name = LaunchScreen.storyboard;
			sourceTree = "<group>";
		};
/* End PBXVariantGroup section */

/* Begin XCBuildConfiguration section */
		12074C402836AF3F00BC5797 /* Debug */ = {
			isa = XCBuildConfiguration;
			buildSettings = {
				ALWAYS_SEARCH_USER_PATHS = NO;
				CLANG_ANALYZER_NONNULL = YES;
				CLANG_ANALYZER_NUMBER_OBJECT_CONVERSION = YES_AGGRESSIVE;
				CLANG_CXX_LANGUAGE_STANDARD = "gnu++17";
				CLANG_ENABLE_MODULES = YES;
				CLANG_ENABLE_OBJC_ARC = YES;
				CLANG_ENABLE_OBJC_WEAK = YES;
				CLANG_WARN_BLOCK_CAPTURE_AUTORELEASING = YES;
				CLANG_WARN_BOOL_CONVERSION = YES;
				CLANG_WARN_COMMA = YES;
				CLANG_WARN_CONSTANT_CONVERSION = YES;
				CLANG_WARN_DEPRECATED_OBJC_IMPLEMENTATIONS = YES;
				CLANG_WARN_DIRECT_OBJC_ISA_USAGE = YES_ERROR;
				CLANG_WARN_DOCUMENTATION_COMMENTS = YES;
				CLANG_WARN_EMPTY_BODY = YES;
				CLANG_WARN_ENUM_CONVERSION = YES;
				CLANG_WARN_INFINITE_RECURSION = YES;
				CLANG_WARN_INT_CONVERSION = YES;
				CLANG_WARN_NON_LITERAL_NULL_CONVERSION = YES;
				CLANG_WARN_OBJC_IMPLICIT_RETAIN_SELF = YES;
				CLANG_WARN_OBJC_LITERAL_CONVERSION = YES;
				CLANG_WARN_OBJC_ROOT_CLASS = YES_ERROR;
				CLANG_WARN_QUOTED_INCLUDE_IN_FRAMEWORK_HEADER = YES;
				CLANG_WARN_RANGE_LOOP_ANALYSIS = YES;
				CLANG_WARN_STRICT_PROTOTYPES = YES;
				CLANG_WARN_SUSPICIOUS_MOVE = YES;
				CLANG_WARN_UNGUARDED_AVAILABILITY = YES_AGGRESSIVE;
				CLANG_WARN_UNREACHABLE_CODE = YES;
				CLANG_WARN__DUPLICATE_METHOD_MATCH = YES;
				COPY_PHASE_STRIP = NO;
				DEBUG_INFORMATION_FORMAT = dwarf;
				ENABLE_STRICT_OBJC_MSGSEND = YES;
				ENABLE_TESTABILITY = YES;
				GCC_C_LANGUAGE_STANDARD = gnu11;
				GCC_DYNAMIC_NO_PIC = NO;
				GCC_NO_COMMON_BLOCKS = YES;
				GCC_OPTIMIZATION_LEVEL = 0;
				GCC_PREPROCESSOR_DEFINITIONS = (
					"DEBUG=1",
					"$(inherited)",
				);
				GCC_WARN_64_TO_32_BIT_CONVERSION = YES;
				GCC_WARN_ABOUT_RETURN_TYPE = YES_ERROR;
				GCC_WARN_UNDECLARED_SELECTOR = YES;
				GCC_WARN_UNINITIALIZED_AUTOS = YES_AGGRESSIVE;
				GCC_WARN_UNUSED_FUNCTION = YES;
				GCC_WARN_UNUSED_VARIABLE = YES;
				IPHONEOS_DEPLOYMENT_TARGET = 15.5;
				MTL_ENABLE_DEBUG_INFO = INCLUDE_SOURCE;
				MTL_FAST_MATH = YES;
				ONLY_ACTIVE_ARCH = YES;
				SDKROOT = iphoneos;
				SWIFT_ACTIVE_COMPILATION_CONDITIONS = DEBUG;
				SWIFT_OPTIMIZATION_LEVEL = "-Onone";
			};
			name = Debug;
		};
		12074C412836AF3F00BC5797 /* Release */ = {
			isa = XCBuildConfiguration;
			buildSettings = {
				ALWAYS_SEARCH_USER_PATHS = NO;
				CLANG_ANALYZER_NONNULL = YES;
				CLANG_ANALYZER_NUMBER_OBJECT_CONVERSION = YES_AGGRESSIVE;
				CLANG_CXX_LANGUAGE_STANDARD = "gnu++17";
				CLANG_ENABLE_MODULES = YES;
				CLANG_ENABLE_OBJC_ARC = YES;
				CLANG_ENABLE_OBJC_WEAK = YES;
				CLANG_WARN_BLOCK_CAPTURE_AUTORELEASING = YES;
				CLANG_WARN_BOOL_CONVERSION = YES;
				CLANG_WARN_COMMA = YES;
				CLANG_WARN_CONSTANT_CONVERSION = YES;
				CLANG_WARN_DEPRECATED_OBJC_IMPLEMENTATIONS = YES;
				CLANG_WARN_DIRECT_OBJC_ISA_USAGE = YES_ERROR;
				CLANG_WARN_DOCUMENTATION_COMMENTS = YES;
				CLANG_WARN_EMPTY_BODY = YES;
				CLANG_WARN_ENUM_CONVERSION = YES;
				CLANG_WARN_INFINITE_RECURSION = YES;
				CLANG_WARN_INT_CONVERSION = YES;
				CLANG_WARN_NON_LITERAL_NULL_CONVERSION = YES;
				CLANG_WARN_OBJC_IMPLICIT_RETAIN_SELF = YES;
				CLANG_WARN_OBJC_LITERAL_CONVERSION = YES;
				CLANG_WARN_OBJC_ROOT_CLASS = YES_ERROR;
				CLANG_WARN_QUOTED_INCLUDE_IN_FRAMEWORK_HEADER = YES;
				CLANG_WARN_RANGE_LOOP_ANALYSIS = YES;
				CLANG_WARN_STRICT_PROTOTYPES = YES;
				CLANG_WARN_SUSPICIOUS_MOVE = YES;
				CLANG_WARN_UNGUARDED_AVAILABILITY = YES_AGGRESSIVE;
				CLANG_WARN_UNREACHABLE_CODE = YES;
				CLANG_WARN__DUPLICATE_METHOD_MATCH = YES;
				COPY_PHASE_STRIP = NO;
				DEBUG_INFORMATION_FORMAT = "dwarf-with-dsym";
				ENABLE_NS_ASSERTIONS = NO;
				ENABLE_STRICT_OBJC_MSGSEND = YES;
				GCC_C_LANGUAGE_STANDARD = gnu11;
				GCC_NO_COMMON_BLOCKS = YES;
				GCC_WARN_64_TO_32_BIT_CONVERSION = YES;
				GCC_WARN_ABOUT_RETURN_TYPE = YES_ERROR;
				GCC_WARN_UNDECLARED_SELECTOR = YES;
				GCC_WARN_UNINITIALIZED_AUTOS = YES_AGGRESSIVE;
				GCC_WARN_UNUSED_FUNCTION = YES;
				GCC_WARN_UNUSED_VARIABLE = YES;
				IPHONEOS_DEPLOYMENT_TARGET = 15.5;
				MTL_ENABLE_DEBUG_INFO = NO;
				MTL_FAST_MATH = YES;
				SDKROOT = iphoneos;
				SWIFT_COMPILATION_MODE = wholemodule;
				SWIFT_OPTIMIZATION_LEVEL = "-O";
				VALIDATE_PRODUCT = YES;
			};
			name = Release;
		};
		12074C432836AF3F00BC5797 /* Debug */ = {
			isa = XCBuildConfiguration;
			buildSettings = {
				ASSETCATALOG_COMPILER_APPICON_NAME = AppIcon;
				ASSETCATALOG_COMPILER_GLOBAL_ACCENT_COLOR_NAME = AccentColor;
				CODE_SIGN_STYLE = Automatic;
				CURRENT_PROJECT_VERSION = 1;
				GENERATE_INFOPLIST_FILE = YES;
				INFOPLIST_FILE = resume/Info.plist;
				INFOPLIST_KEY_UIApplicationSupportsIndirectInputEvents = YES;
				INFOPLIST_KEY_UILaunchStoryboardName = LaunchScreen;
				INFOPLIST_KEY_UIMainStoryboardFile = Main;
				INFOPLIST_KEY_UISupportedInterfaceOrientations_iPad = "UIInterfaceOrientationPortrait UIInterfaceOrientationPortraitUpsideDown UIInterfaceOrientationLandscapeLeft UIInterfaceOrientationLandscapeRight";
				INFOPLIST_KEY_UISupportedInterfaceOrientations_iPhone = "UIInterfaceOrientationPortrait UIInterfaceOrientationLandscapeLeft UIInterfaceOrientationLandscapeRight";
				LD_RUNPATH_SEARCH_PATHS = (
					"$(inherited)",
					"@executable_path/Frameworks",
				);
				MARKETING_VERSION = 1.0;
				PRODUCT_BUNDLE_IDENTIFIER = com.horo.resume;
				PRODUCT_NAME = "$(TARGET_NAME)";
				SWIFT_EMIT_LOC_STRINGS = YES;
				SWIFT_VERSION = 5.0;
				TARGETED_DEVICE_FAMILY = "1,2";
			};
			name = Debug;
		};
		12074C442836AF3F00BC5797 /* Release */ = {
			isa = XCBuildConfiguration;
			buildSettings = {
				ASSETCATALOG_COMPILER_APPICON_NAME = AppIcon;
				ASSETCATALOG_COMPILER_GLOBAL_ACCENT_COLOR_NAME = AccentColor;
				CODE_SIGN_STYLE = Automatic;
				CURRENT_PROJECT_VERSION = 1;
				GENERATE_INFOPLIST_FILE = YES;
				INFOPLIST_FILE = resume/Info.plist;
				INFOPLIST_KEY_UIApplicationSupportsIndirectInputEvents = YES;
				INFOPLIST_KEY_UILaunchStoryboardName = LaunchScreen;
				INFOPLIST_KEY_UIMainStoryboardFile = Main;
				INFOPLIST_KEY_UISupportedInterfaceOrientations_iPad = "UIInterfaceOrientationPortrait UIInterfaceOrientationPortraitUpsideDown UIInterfaceOrientationLandscapeLeft UIInterfaceOrientationLandscapeRight";
				INFOPLIST_KEY_UISupportedInterfaceOrientations_iPhone = "UIInterfaceOrientationPortrait UIInterfaceOrientationLandscapeLeft UIInterfaceOrientationLandscapeRight";
				LD_RUNPATH_SEARCH_PATHS = (
					"$(inherited)",
					"@executable_path/Frameworks",
				);
				MARKETING_VERSION = 1.0;
				PRODUCT_BUNDLE_IDENTIFIER = com.horo.resume;
				PRODUCT_NAME = "$(TARGET_NAME)";
				SWIFT_EMIT_LOC_STRINGS = YES;
				SWIFT_VERSION = 5.0;
				TARGETED_DEVICE_FAMILY = "1,2";
			};
			name = Release;
		};
		12074C462836AF3F00BC5797 /* Debug */ = {
			isa = XCBuildConfiguration;
			buildSettings = {
				ALWAYS_EMBED_SWIFT_STANDARD_LIBRARIES = YES;
				BUNDLE_LOADER = "$(TEST_HOST)";
				CODE_SIGN_STYLE = Automatic;
				CURRENT_PROJECT_VERSION = 1;
				GENERATE_INFOPLIST_FILE = YES;
				IPHONEOS_DEPLOYMENT_TARGET = 15.5;
				MARKETING_VERSION = 1.0;
				PRODUCT_BUNDLE_IDENTIFIER = com.horo.resumeTests;
				PRODUCT_NAME = "$(TARGET_NAME)";
				SWIFT_EMIT_LOC_STRINGS = NO;
				SWIFT_VERSION = 5.0;
				TARGETED_DEVICE_FAMILY = "1,2";
				TEST_HOST = "$(BUILT_PRODUCTS_DIR)/resume.app/resume";
			};
			name = Debug;
		};
		12074C472836AF3F00BC5797 /* Release */ = {
			isa = XCBuildConfiguration;
			buildSettings = {
				ALWAYS_EMBED_SWIFT_STANDARD_LIBRARIES = YES;
				BUNDLE_LOADER = "$(TEST_HOST)";
				CODE_SIGN_STYLE = Automatic;
				CURRENT_PROJECT_VERSION = 1;
				GENERATE_INFOPLIST_FILE = YES;
				IPHONEOS_DEPLOYMENT_TARGET = 15.5;
				MARKETING_VERSION = 1.0;
				PRODUCT_BUNDLE_IDENTIFIER = com.horo.resumeTests;
				PRODUCT_NAME = "$(TARGET_NAME)";
				SWIFT_EMIT_LOC_STRINGS = NO;
				SWIFT_VERSION = 5.0;
				TARGETED_DEVICE_FAMILY = "1,2";
				TEST_HOST = "$(BUILT_PRODUCTS_DIR)/resume.app/resume";
			};
			name = Release;
		};
		12074C492836AF3F00BC5797 /* Debug */ = {
			isa = XCBuildConfiguration;
			buildSettings = {
				ALWAYS_EMBED_SWIFT_STANDARD_LIBRARIES = YES;
				CODE_SIGN_STYLE = Automatic;
				CURRENT_PROJECT_VERSION = 1;
				GENERATE_INFOPLIST_FILE = YES;
				MARKETING_VERSION = 1.0;
				PRODUCT_BUNDLE_IDENTIFIER = com.horo.resumeUITests;
				PRODUCT_NAME = "$(TARGET_NAME)";
				SWIFT_EMIT_LOC_STRINGS = NO;
				SWIFT_VERSION = 5.0;
				TARGETED_DEVICE_FAMILY = "1,2";
				TEST_TARGET_NAME = resume;
			};
			name = Debug;
		};
		12074C4A2836AF3F00BC5797 /* Release */ = {
			isa = XCBuildConfiguration;
			buildSettings = {
				ALWAYS_EMBED_SWIFT_STANDARD_LIBRARIES = YES;
				CODE_SIGN_STYLE = Automatic;
				CURRENT_PROJECT_VERSION = 1;
				GENERATE_INFOPLIST_FILE = YES;
				MARKETING_VERSION = 1.0;
				PRODUCT_BUNDLE_IDENTIFIER = com.horo.resumeUITests;
				PRODUCT_NAME = "$(TARGET_NAME)";
				SWIFT_EMIT_LOC_STRINGS = NO;
				SWIFT_VERSION = 5.0;
				TARGETED_DEVICE_FAMILY = "1,2";
				TEST_TARGET_NAME = resume;
			};
			name = Release;
		};
/* End XCBuildConfiguration section */

/* Begin XCConfigurationList section */
		12074C132836AF3C00BC5797 /* Build configuration list for PBXProject "resume" */ = {
			isa = XCConfigurationList;
			buildConfigurations = (
				12074C402836AF3F00BC5797 /* Debug */,
				12074C412836AF3F00BC5797 /* Release */,
			);
			defaultConfigurationIsVisible = 0;
			defaultConfigurationName = Release;
		};
		12074C422836AF3F00BC5797 /* Build configuration list for PBXNativeTarget "resume" */ = {
			isa = XCConfigurationList;
			buildConfigurations = (
				12074C432836AF3F00BC5797 /* Debug */,
				12074C442836AF3F00BC5797 /* Release */,
			);
			defaultConfigurationIsVisible = 0;
			defaultConfigurationName = Release;
		};
		12074C452836AF3F00BC5797 /* Build configuration list for PBXNativeTarget "resumeTests" */ = {
			isa = XCConfigurationList;
			buildConfigurations = (
				12074C462836AF3F00BC5797 /* Debug */,
				12074C472836AF3F00BC5797 /* Release */,
			);
			defaultConfigurationIsVisible = 0;
			defaultConfigurationName = Release;
		};
		12074C482836AF3F00BC5797 /* Build configuration list for PBXNativeTarget "resumeUITests" */ = {
			isa = XCConfigurationList;
			buildConfigurations = (
				12074C492836AF3F00BC5797 /* Debug */,
				12074C4A2836AF3F00BC5797 /* Release */,
			);
			defaultConfigurationIsVisible = 0;
			defaultConfigurationName = Release;
		};
/* End XCConfigurationList section */
	};
	rootObject = 12074C102836AF3C00BC5797 /* Project object */;
}
